
Microsoft Visual Studio Solution File, Format Version 12.00
# Visual Studio 15
Project("{FAE04EC0-301F-11D3-BF4B-00C04F79EFBC}") = "Assembly-CSharp", "Assembly-CSharp.csproj", "{D724F28E-D9CD-54C1-56E0-DE36D4785E19}"
EndProject
Project("{FAE04EC0-301F-11D3-BF4B-00C04F79EFBC}") = "Assembly-CSharp-Editor", "Assembly-CSharp-Editor.csproj", "{FC4871FA-E2BB-EBB9-C094-7FC035B4D9D5}"
EndProject
Global
	GlobalSection(SolutionConfigurationPlatforms) = preSolution
		Debug|Any CPU = Debug|Any CPU
		Release|Any CPU = Release|Any CPU
	EndGlobalSection
	GlobalSection(ProjectConfigurationPlatforms) = postSolution
		{D724F28E-D9CD-54C1-56E0-DE36D4785E19}.Debug|Any CPU.ActiveCfg = Debug|Any CPU
		{D724F28E-D9CD-54C1-56E0-DE36D4785E19}.Debug|Any CPU.Build.0 = Debug|Any CPU
		{D724F28E-D9CD-54C1-56E0-DE36D4785E19}.Release|Any CPU.ActiveCfg = Release|Any CPU
		{D724F28E-D9CD-54C1-56E0-DE36D4785E19}.Release|Any CPU.Build.0 = Release|Any CPU
		{FC4871FA-E2BB-EBB9-C094-7FC035B4D9D5}.Debug|Any CPU.ActiveCfg = Debug|Any CPU
		{FC4871FA-E2BB-EBB9-C094-7FC035B4D9D5}.Debug|Any CPU.Build.0 = Debug|Any CPU
		{FC4871FA-E2BB-EBB9-C094-7FC035B4D9D5}.Release|Any CPU.ActiveCfg = Release|Any CPU
		{FC4871FA-E2BB-EBB9-C094-7FC035B4D9D5}.Release|Any CPU.Build.0 = Release|Any CPU
	EndGlobalSection
	GlobalSection(SolutionProperties) = preSolution
		HideSolutionNode = FALSE
	EndGlobalSection
EndGlobal
